
Microsoft Visual Studio Solution File, Format Version 12.00
# Visual Studio Version 16
VisualStudioVersion = 16.0.33529.622
MinimumVisualStudioVersion = 10.0.40219.1
Project("{FAE04EC0-301F-11D3-BF4B-00C04F79EFBC}") = "Enums", "Enums.csproj", "{711E8C45-3068-4D73-8CA0-4EE3D309D5F7}"
EndProject
Global
	GlobalSection(SolutionConfigurationPlatforms) = preSolution
		Debug|Any CPU = Debug|Any CPU
		Release|Any CPU = Release|Any CPU
	EndGlobalSection
	GlobalSection(ProjectConfigurationPlatforms) = postSolution
		{711E8C45-3068-4D73-8CA0-4EE3D309D5F7}.Debug|Any CPU.ActiveCfg = Debug|Any CPU
		{711E8C45-3068-4D73-8CA0-4EE3D309D5F7}.Debug|Any CPU.Build.0 = Debug|Any CPU
		{711E8C45-3068-4D73-8CA0-4EE3D309D5F7}.Release|Any CPU.ActiveCfg = Release|Any CPU
		{711E8C45-3068-4D73-8CA0-4EE3D309D5F7}.Release|Any CPU.Build.0 = Release|Any CPU
	EndGlobalSection
	GlobalSection(SolutionProperties) = preSolution
		HideSolutionNode = FALSE
	EndGlobalSection
	GlobalSection(ExtensibilityGlobals) = postSolution
		SolutionGuid = {ECDC41C5-8C8C-4B3B-BA37-03240133C72C}
	EndGlobalSection
EndGlobal
