
Microsoft Visual Studio Solution File, Format Version 12.00
# Visual Studio Version 16
VisualStudioVersion = 16.0.33529.622
MinimumVisualStudioVersion = 10.0.40219.1
Project("{FAE04EC0-301F-11D3-BF4B-00C04F79EFBC}") = "Maths", "Maths.csproj", "{A34EF922-B472-4BF1-BFC8-8C7758F6DD00}"
EndProject
Global
	GlobalSection(SolutionConfigurationPlatforms) = preSolution
		Debug|Any CPU = Debug|Any CPU
		Release|Any CPU = Release|Any CPU
	EndGlobalSection
	GlobalSection(ProjectConfigurationPlatforms) = postSolution
		{A34EF922-B472-4BF1-BFC8-8C7758F6DD00}.Debug|Any CPU.ActiveCfg = Debug|Any CPU
		{A34EF922-B472-4BF1-BFC8-8C7758F6DD00}.Debug|Any CPU.Build.0 = Debug|Any CPU
		{A34EF922-B472-4BF1-BFC8-8C7758F6DD00}.Release|Any CPU.ActiveCfg = Release|Any CPU
		{A34EF922-B472-4BF1-BFC8-8C7758F6DD00}.Release|Any CPU.Build.0 = Release|Any CPU
	EndGlobalSection
	GlobalSection(SolutionProperties) = preSolution
		HideSolutionNode = FALSE
	EndGlobalSection
	GlobalSection(ExtensibilityGlobals) = postSolution
		SolutionGuid = {DC350CB3-A950-4655-8AFB-0048C1682AB5}
	EndGlobalSection
EndGlobal
