
Microsoft Visual Studio Solution File, Format Version 12.00
# Visual Studio Version 16
VisualStudioVersion = 16.0.33529.622
MinimumVisualStudioVersion = 10.0.40219.1
Project("{FAE04EC0-301F-11D3-BF4B-00C04F79EFBC}") = "WebApplication1", "WebApplication1\WebApplication1.csproj", "{74474F08-1EDE-4F7E-B669-2C07B5960706}"
EndProject
Global
	GlobalSection(SolutionConfigurationPlatforms) = preSolution
		Debug|Any CPU = Debug|Any CPU
		Release|Any CPU = Release|Any CPU
	EndGlobalSection
	GlobalSection(ProjectConfigurationPlatforms) = postSolution
		{74474F08-1EDE-4F7E-B669-2C07B5960706}.Debug|Any CPU.ActiveCfg = Debug|Any CPU
		{74474F08-1EDE-4F7E-B669-2C07B5960706}.Debug|Any CPU.Build.0 = Debug|Any CPU
		{74474F08-1EDE-4F7E-B669-2C07B5960706}.Release|Any CPU.ActiveCfg = Release|Any CPU
		{74474F08-1EDE-4F7E-B669-2C07B5960706}.Release|Any CPU.Build.0 = Release|Any CPU
	EndGlobalSection
	GlobalSection(SolutionProperties) = preSolution
		HideSolutionNode = FALSE
	EndGlobalSection
	GlobalSection(ExtensibilityGlobals) = postSolution
		SolutionGuid = {8BE13881-3BBC-4138-B88F-35B61EFB01E8}
	EndGlobalSection
EndGlobal
