
Microsoft Visual Studio Solution File, Format Version 12.00
# Visual Studio Version 16
VisualStudioVersion = 16.0.33529.622
MinimumVisualStudioVersion = 10.0.40219.1
Project("{FAE04EC0-301F-11D3-BF4B-00C04F79EFBC}") = "Class_Method", "Class_Method.csproj", "{16161FD8-5F63-413A-9FE7-B7F78D439067}"
EndProject
Global
	GlobalSection(SolutionConfigurationPlatforms) = preSolution
		Debug|Any CPU = Debug|Any CPU
		Release|Any CPU = Release|Any CPU
	EndGlobalSection
	GlobalSection(ProjectConfigurationPlatforms) = postSolution
		{16161FD8-5F63-413A-9FE7-B7F78D439067}.Debug|Any CPU.ActiveCfg = Debug|Any CPU
		{16161FD8-5F63-413A-9FE7-B7F78D439067}.Debug|Any CPU.Build.0 = Debug|Any CPU
		{16161FD8-5F63-413A-9FE7-B7F78D439067}.Release|Any CPU.ActiveCfg = Release|Any CPU
		{16161FD8-5F63-413A-9FE7-B7F78D439067}.Release|Any CPU.Build.0 = Release|Any CPU
	EndGlobalSection
	GlobalSection(SolutionProperties) = preSolution
		HideSolutionNode = FALSE
	EndGlobalSection
	GlobalSection(ExtensibilityGlobals) = postSolution
		SolutionGuid = {663327DD-A7A1-42EE-9D40-D9A32CCFE70C}
	EndGlobalSection
EndGlobal
