
Microsoft Visual Studio Solution File, Format Version 12.00
# Visual Studio Version 16
VisualStudioVersion = 16.0.33529.622
MinimumVisualStudioVersion = 10.0.40219.1
Project("{FAE04EC0-301F-11D3-BF4B-00C04F79EFBC}") = "Time", "Time.csproj", "{FFA21887-BF1F-4FB1-9127-741F4D6A35A6}"
EndProject
Global
	GlobalSection(SolutionConfigurationPlatforms) = preSolution
		Debug|Any CPU = Debug|Any CPU
		Release|Any CPU = Release|Any CPU
	EndGlobalSection
	GlobalSection(ProjectConfigurationPlatforms) = postSolution
		{FFA21887-BF1F-4FB1-9127-741F4D6A35A6}.Debug|Any CPU.ActiveCfg = Debug|Any CPU
		{FFA21887-BF1F-4FB1-9127-741F4D6A35A6}.Debug|Any CPU.Build.0 = Debug|Any CPU
		{FFA21887-BF1F-4FB1-9127-741F4D6A35A6}.Release|Any CPU.ActiveCfg = Release|Any CPU
		{FFA21887-BF1F-4FB1-9127-741F4D6A35A6}.Release|Any CPU.Build.0 = Release|Any CPU
	EndGlobalSection
	GlobalSection(SolutionProperties) = preSolution
		HideSolutionNode = FALSE
	EndGlobalSection
	GlobalSection(ExtensibilityGlobals) = postSolution
		SolutionGuid = {0BAF2F29-343A-4C8F-AF61-26E593AE44E8}
	EndGlobalSection
EndGlobal
